
Microsoft Visual Studio Solution File, Format Version 12.00
# Visual Studio Version 17
VisualStudioVersion = 17.9.34701.34
MinimumVisualStudioVersion = 10.0.40219.1
Project("{9A19103F-16F7-4668-BE54-9A1E7A4F7556}") = "Entities", "Entities\Entities.csproj", "{5FFEC55D-4BF2-4759-9156-549721B0DF51}"
EndProject
Project("{9A19103F-16F7-4668-BE54-9A1E7A4F7556}") = "DataAccess", "DataAccess\DataAccess.csproj", "{89B236F3-C682-4ECD-A052-1979A75544D9}"
EndProject
Project("{9A19103F-16F7-4668-BE54-9A1E7A4F7556}") = "Business", "Business\Business.csproj", "{05DF6473-76CC-40F0-8261-D9B38A7DD00F}"
EndProject
Project("{FAE04EC0-301F-11D3-BF4B-00C04F79EFBC}") = "ConsoleUI", "ConsoleUI\ConsoleUI.csproj", "{F3B96DEB-3DE4-4755-BCA8-FBC0E37291A1}"
EndProject
Global
	GlobalSection(SolutionConfigurationPlatforms) = preSolution
		Debug|Any CPU = Debug|Any CPU
		Release|Any CPU = Release|Any CPU
	EndGlobalSection
	GlobalSection(ProjectConfigurationPlatforms) = postSolution
		{5FFEC55D-4BF2-4759-9156-549721B0DF51}.Debug|Any CPU.ActiveCfg = Debug|Any CPU
		{5FFEC55D-4BF2-4759-9156-549721B0DF51}.Debug|Any CPU.Build.0 = Debug|Any CPU
		{5FFEC55D-4BF2-4759-9156-549721B0DF51}.Release|Any CPU.ActiveCfg = Release|Any CPU
		{5FFEC55D-4BF2-4759-9156-549721B0DF51}.Release|Any CPU.Build.0 = Release|Any CPU
		{89B236F3-C682-4ECD-A052-1979A75544D9}.Debug|Any CPU.ActiveCfg = Debug|Any CPU
		{89B236F3-C682-4ECD-A052-1979A75544D9}.Debug|Any CPU.Build.0 = Debug|Any CPU
		{89B236F3-C682-4ECD-A052-1979A75544D9}.Release|Any CPU.ActiveCfg = Release|Any CPU
		{89B236F3-C682-4ECD-A052-1979A75544D9}.Release|Any CPU.Build.0 = Release|Any CPU
		{05DF6473-76CC-40F0-8261-D9B38A7DD00F}.Debug|Any CPU.ActiveCfg = Debug|Any CPU
		{05DF6473-76CC-40F0-8261-D9B38A7DD00F}.Debug|Any CPU.Build.0 = Debug|Any CPU
		{05DF6473-76CC-40F0-8261-D9B38A7DD00F}.Release|Any CPU.ActiveCfg = Release|Any CPU
		{05DF6473-76CC-40F0-8261-D9B38A7DD00F}.Release|Any CPU.Build.0 = Release|Any CPU
		{F3B96DEB-3DE4-4755-BCA8-FBC0E37291A1}.Debug|Any CPU.ActiveCfg = Debug|Any CPU
		{F3B96DEB-3DE4-4755-BCA8-FBC0E37291A1}.Debug|Any CPU.Build.0 = Debug|Any CPU
		{F3B96DEB-3DE4-4755-BCA8-FBC0E37291A1}.Release|Any CPU.ActiveCfg = Release|Any CPU
		{F3B96DEB-3DE4-4755-BCA8-FBC0E37291A1}.Release|Any CPU.Build.0 = Release|Any CPU
	EndGlobalSection
	GlobalSection(SolutionProperties) = preSolution
		HideSolutionNode = FALSE
	EndGlobalSection
	GlobalSection(ExtensibilityGlobals) = postSolution
		SolutionGuid = {D7913E6C-D768-4295-8F3E-5E3D0A52BE80}
	EndGlobalSection
EndGlobal
